
Microsoft Visual Studio Solution File, Format Version 12.00
# Visual Studio 14
VisualStudioVersion = 14.0.25420.1
MinimumVisualStudioVersion = 10.0.40219.1
Project("{FAE04EC0-301F-11D3-BF4B-00C04F79EFBC}") = "CMEngineWPF", "CMEngineWPF\CMEngineWPF.csproj", "{6A7BBF63-62F1-4CB3-A3C7-C5F1F73F89D7}"
EndProject
Project("{FAE04EC0-301F-11D3-BF4B-00C04F79EFBC}") = "CMEngineCore", "CMEngineCore\CMEngineCore.csproj", "{A96E30F1-C6F1-49CB-BC1A-1F6B8FCD3187}"
EndProject
Global
	GlobalSection(SolutionConfigurationPlatforms) = preSolution
		Debug|Any CPU = Debug|Any CPU
		Release|Any CPU = Release|Any CPU
	EndGlobalSection
	GlobalSection(ProjectConfigurationPlatforms) = postSolution
		{6A7BBF63-62F1-4CB3-A3C7-C5F1F73F89D7}.Debug|Any CPU.ActiveCfg = Debug|Any CPU
		{6A7BBF63-62F1-4CB3-A3C7-C5F1F73F89D7}.Debug|Any CPU.Build.0 = Debug|Any CPU
		{6A7BBF63-62F1-4CB3-A3C7-C5F1F73F89D7}.Release|Any CPU.ActiveCfg = Release|Any CPU
		{6A7BBF63-62F1-4CB3-A3C7-C5F1F73F89D7}.Release|Any CPU.Build.0 = Release|Any CPU
		{A96E30F1-C6F1-49CB-BC1A-1F6B8FCD3187}.Debug|Any CPU.ActiveCfg = Debug|Any CPU
		{A96E30F1-C6F1-49CB-BC1A-1F6B8FCD3187}.Debug|Any CPU.Build.0 = Debug|Any CPU
		{A96E30F1-C6F1-49CB-BC1A-1F6B8FCD3187}.Release|Any CPU.ActiveCfg = Release|Any CPU
		{A96E30F1-C6F1-49CB-BC1A-1F6B8FCD3187}.Release|Any CPU.Build.0 = Release|Any CPU
	EndGlobalSection
	GlobalSection(SolutionProperties) = preSolution
		HideSolutionNode = FALSE
	EndGlobalSection
EndGlobal
